
Microsoft Visual Studio Solution File, Format Version 12.00
# Visual Studio Version 16
VisualStudioVersion = 16.0.29920.165
MinimumVisualStudioVersion = 10.0.40219.1
Project("{2150E333-8FDC-42A3-9474-1A3956D46DE8}") = "Engine", "Engine", "{118216AD-A317-4014-9C1C-6F72D5E74BD6}"
EndProject
Project("{8BC9CEB8-8B4A-11D0-8D11-00A0C91BC942}") = "citadel", "citadel.vcxproj", "{600CC124-CF78-4AC9-9406-A0B4CCC204A3}"
EndProject
Project("{2150E333-8FDC-42A3-9474-1A3956D46DE8}") = "Modules", "Modules", "{01FB05AB-5B09-4F00-9376-4E49A780A1EB}"
EndProject
Project("{8BC9CEB8-8B4A-11D0-8D11-00A0C91BC942}") = "castle", "..\..\castle\projects\win\castle.vcxproj", "{051E94C5-B50D-4BBF-810E-DE8B2A51D970}"
EndProject
Project("{8BC9CEB8-8B4A-11D0-8D11-00A0C91BC942}") = "keep", "..\..\keep\projects\win\keep.vcxproj", "{DFDD25AA-EA30-4BF2-B133-B13740D0A603}"
EndProject
Project("{8BC9CEB8-8B4A-11D0-8D11-00A0C91BC942}") = "watchtower", "..\..\watchtower\projects\win\watchtower.vcxproj", "{3AA37AF7-9A93-429E-BC44-AAA6F265E5A8}"
EndProject
Project("{2150E333-8FDC-42A3-9474-1A3956D46DE8}") = "Sandbox", "Sandbox", "{1E2807A9-B69E-44EF-A270-361080C6260A}"
EndProject
Project("{8BC9CEB8-8B4A-11D0-8D11-00A0C91BC942}") = "HelloTriangle", "..\..\sandbox\HelloTriangle\projects\win\HelloTriangle.vcxproj", "{A45B3A8E-813A-4997-871A-B315BD1DC109}"
EndProject
Global
	GlobalSection(SolutionConfigurationPlatforms) = preSolution
		Debug|x64 = Debug|x64
		Debug|x86 = Debug|x86
		Release|x64 = Release|x64
		Release|x86 = Release|x86
	EndGlobalSection
	GlobalSection(ProjectConfigurationPlatforms) = postSolution
		{600CC124-CF78-4AC9-9406-A0B4CCC204A3}.Debug|x64.ActiveCfg = Debug|x64
		{600CC124-CF78-4AC9-9406-A0B4CCC204A3}.Debug|x64.Build.0 = Debug|x64
		{600CC124-CF78-4AC9-9406-A0B4CCC204A3}.Debug|x86.ActiveCfg = Debug|Win32
		{600CC124-CF78-4AC9-9406-A0B4CCC204A3}.Debug|x86.Build.0 = Debug|Win32
		{600CC124-CF78-4AC9-9406-A0B4CCC204A3}.Release|x64.ActiveCfg = Release|x64
		{600CC124-CF78-4AC9-9406-A0B4CCC204A3}.Release|x64.Build.0 = Release|x64
		{600CC124-CF78-4AC9-9406-A0B4CCC204A3}.Release|x86.ActiveCfg = Release|Win32
		{600CC124-CF78-4AC9-9406-A0B4CCC204A3}.Release|x86.Build.0 = Release|Win32
		{051E94C5-B50D-4BBF-810E-DE8B2A51D970}.Debug|x64.ActiveCfg = Debug|x64
		{051E94C5-B50D-4BBF-810E-DE8B2A51D970}.Debug|x64.Build.0 = Debug|x64
		{051E94C5-B50D-4BBF-810E-DE8B2A51D970}.Debug|x86.ActiveCfg = Debug|Win32
		{051E94C5-B50D-4BBF-810E-DE8B2A51D970}.Debug|x86.Build.0 = Debug|Win32
		{051E94C5-B50D-4BBF-810E-DE8B2A51D970}.Release|x64.ActiveCfg = Release|x64
		{051E94C5-B50D-4BBF-810E-DE8B2A51D970}.Release|x64.Build.0 = Release|x64
		{051E94C5-B50D-4BBF-810E-DE8B2A51D970}.Release|x86.ActiveCfg = Release|Win32
		{051E94C5-B50D-4BBF-810E-DE8B2A51D970}.Release|x86.Build.0 = Release|Win32
		{3AA37AF7-9A93-429E-BC44-AAA6F265E5A8}.Debug|x64.ActiveCfg = Debug|x64
		{3AA37AF7-9A93-429E-BC44-AAA6F265E5A8}.Debug|x64.Build.0 = Debug|x64
		{3AA37AF7-9A93-429E-BC44-AAA6F265E5A8}.Debug|x86.ActiveCfg = Debug|Win32
		{3AA37AF7-9A93-429E-BC44-AAA6F265E5A8}.Debug|x86.Build.0 = Debug|Win32
		{3AA37AF7-9A93-429E-BC44-AAA6F265E5A8}.Release|x64.ActiveCfg = Release|x64
		{3AA37AF7-9A93-429E-BC44-AAA6F265E5A8}.Release|x64.Build.0 = Release|x64
		{3AA37AF7-9A93-429E-BC44-AAA6F265E5A8}.Release|x86.ActiveCfg = Release|Win32
		{3AA37AF7-9A93-429E-BC44-AAA6F265E5A8}.Release|x86.Build.0 = Release|Win32
		{A45B3A8E-813A-4997-871A-B315BD1DC109}.Debug|x64.ActiveCfg = Debug|x64
		{A45B3A8E-813A-4997-871A-B315BD1DC109}.Debug|x64.Build.0 = Debug|x64
		{A45B3A8E-813A-4997-871A-B315BD1DC109}.Debug|x86.ActiveCfg = Debug|Win32
		{A45B3A8E-813A-4997-871A-B315BD1DC109}.Debug|x86.Build.0 = Debug|Win32
		{A45B3A8E-813A-4997-871A-B315BD1DC109}.Release|x64.ActiveCfg = Release|x64
		{A45B3A8E-813A-4997-871A-B315BD1DC109}.Release|x64.Build.0 = Release|x64
		{A45B3A8E-813A-4997-871A-B315BD1DC109}.Release|x86.ActiveCfg = Release|Win32
		{A45B3A8E-813A-4997-871A-B315BD1DC109}.Release|x86.Build.0 = Release|Win32
		{DFDD25AA-EA30-4BF2-B133-B13740D0A603}.Debug|x64.ActiveCfg = Debug|x64
		{DFDD25AA-EA30-4BF2-B133-B13740D0A603}.Debug|x64.Build.0 = Debug|x64
		{DFDD25AA-EA30-4BF2-B133-B13740D0A603}.Debug|x86.ActiveCfg = Debug|Win32
		{DFDD25AA-EA30-4BF2-B133-B13740D0A603}.Debug|x86.Build.0 = Debug|Win32
		{DFDD25AA-EA30-4BF2-B133-B13740D0A603}.Release|x64.ActiveCfg = Release|x64
		{DFDD25AA-EA30-4BF2-B133-B13740D0A603}.Release|x64.Build.0 = Release|x64
		{DFDD25AA-EA30-4BF2-B133-B13740D0A603}.Release|x86.ActiveCfg = Release|Win32
		{DFDD25AA-EA30-4BF2-B133-B13740D0A603}.Release|x86.Build.0 = Release|Win32
	EndGlobalSection
	GlobalSection(SolutionProperties) = preSolution
		HideSolutionNode = FALSE
	EndGlobalSection
	GlobalSection(NestedProjects) = preSolution
		{600CC124-CF78-4AC9-9406-A0B4CCC204A3} = {118216AD-A317-4014-9C1C-6F72D5E74BD6}
		{01FB05AB-5B09-4F00-9376-4E49A780A1EB} = {118216AD-A317-4014-9C1C-6F72D5E74BD6}
		{051E94C5-B50D-4BBF-810E-DE8B2A51D970} = {01FB05AB-5B09-4F00-9376-4E49A780A1EB}
		{3AA37AF7-9A93-429E-BC44-AAA6F265E5A8} = {01FB05AB-5B09-4F00-9376-4E49A780A1EB}
		{A45B3A8E-813A-4997-871A-B315BD1DC109} = {1E2807A9-B69E-44EF-A270-361080C6260A}
		{DFDD25AA-EA30-4BF2-B133-B13740D0A603} = {01FB05AB-5B09-4F00-9376-4E49A780A1EB}
	EndGlobalSection
	GlobalSection(ExtensibilityGlobals) = postSolution
		SolutionGuid = {F43A29F6-51BB-482F-8CB3-EEF09F333FB6}
	EndGlobalSection
EndGlobal
