<?xml version="1.0" encoding="utf-8"?>
<Project ToolsVersion="4.0" xmlns="http://schemas.microsoft.com/developer/msbuild/2003">
  <ItemGroup>
    <ClInclude Include="..\..\castle\Application.h" />
    <ClInclude Include="..\..\castle\Game\Game.h">
      <Filter>Game</Filter>
    </ClInclude>
  </ItemGroup>
  <ItemGroup>
    <Filter Include="Game">
      <UniqueIdentifier>{337d77fa-840b-48ae-bb31-aa37610cdafe}</UniqueIdentifier>
    </Filter>
  </ItemGroup>
  <ItemGroup>
    <ClCompile Include="..\..\castle\Game\Game.cpp">
      <Filter>Game</Filter>
    </ClCompile>
  </ItemGroup>
</Project>